
Microsoft Visual Studio Solution File, Format Version 12.00
# Visual Studio 15
VisualStudioVersion = 15.0.27004.2009
MinimumVisualStudioVersion = 10.0.40219.1
Project("{FAE04EC0-301F-11D3-BF4B-00C04F79EFBC}") = "Sentence Generator", "Sentence Generator\Sentence Generator.csproj", "{E7656476-59D4-4F35-BD36-36AE7FFE2EE7}"
EndProject
Project("{FAE04EC0-301F-11D3-BF4B-00C04F79EFBC}") = "SentenceGeneratorUnitTests", "SentenceGeneratorUnitTests\SentenceGeneratorUnitTests.csproj", "{A2E5B0D5-2899-4AE7-878F-BE547DF7BC84}"
EndProject
Global
	GlobalSection(SolutionConfigurationPlatforms) = preSolution
		Debug|Any CPU = Debug|Any CPU
		Release|Any CPU = Release|Any CPU
	EndGlobalSection
	GlobalSection(ProjectConfigurationPlatforms) = postSolution
		{E7656476-59D4-4F35-BD36-36AE7FFE2EE7}.Debug|Any CPU.ActiveCfg = Debug|Any CPU
		{E7656476-59D4-4F35-BD36-36AE7FFE2EE7}.Debug|Any CPU.Build.0 = Debug|Any CPU
		{E7656476-59D4-4F35-BD36-36AE7FFE2EE7}.Release|Any CPU.ActiveCfg = Release|Any CPU
		{E7656476-59D4-4F35-BD36-36AE7FFE2EE7}.Release|Any CPU.Build.0 = Release|Any CPU
		{A2E5B0D5-2899-4AE7-878F-BE547DF7BC84}.Debug|Any CPU.ActiveCfg = Debug|Any CPU
		{A2E5B0D5-2899-4AE7-878F-BE547DF7BC84}.Debug|Any CPU.Build.0 = Debug|Any CPU
		{A2E5B0D5-2899-4AE7-878F-BE547DF7BC84}.Release|Any CPU.ActiveCfg = Release|Any CPU
		{A2E5B0D5-2899-4AE7-878F-BE547DF7BC84}.Release|Any CPU.Build.0 = Release|Any CPU
	EndGlobalSection
	GlobalSection(SolutionProperties) = preSolution
		HideSolutionNode = FALSE
	EndGlobalSection
	GlobalSection(ExtensibilityGlobals) = postSolution
		SolutionGuid = {E30BEF81-64D1-406F-812D-0512B8C140C3}
	EndGlobalSection
EndGlobal
